
Microsoft Visual Studio Solution File, Format Version 12.00
# Visual Studio 15
VisualStudioVersion = 15.0.27004.2009
MinimumVisualStudioVersion = 10.0.40219.1
Project("{FAE04EC0-301F-11D3-BF4B-00C04F79EFBC}") = "MD.360Pixels.Model", "MD.360Pixels.Model\MD.360Pixels.Model.csproj", "{A5A9EAA0-BBBE-46B4-B8B9-75BC4F28E3E6}"
EndProject
Project("{2150E333-8FDC-42A3-9474-1A3956D46DE8}") = "SQL", "SQL", "{58662647-C3DD-42D6-8A66-41570D052183}"
	ProjectSection(SolutionItems) = preProject
		..\..\..\Desktop\INSERT.sql = ..\..\..\Desktop\INSERT.sql
		..\..\..\Desktop\StructureCreation.sql = ..\..\..\Desktop\StructureCreation.sql
	EndProjectSection
EndProject
Project("{FAE04EC0-301F-11D3-BF4B-00C04F79EFBC}") = "MD.360pixels.Repository", "MD.360pixels.Repository\MD.360pixels.Repository.csproj", "{673D019F-095B-4762-8DDF-1A4D14B6D56F}"
EndProject
Project("{FAE04EC0-301F-11D3-BF4B-00C04F79EFBC}") = "MD.360pixels.Test", "MD.360pixels.Test\MD.360pixels.Test.csproj", "{B7618268-DB1D-4164-91FF-6C0832DE18DA}"
EndProject
Project("{FAE04EC0-301F-11D3-BF4B-00C04F79EFBC}") = "MD.360pixels.Business", "MD.360pixels.Business\MD.360pixels.Business.csproj", "{ACE857D9-202F-4B2D-9873-BCA90FC204BC}"
EndProject
Project("{FAE04EC0-301F-11D3-BF4B-00C04F79EFBC}") = "MD.360pixels.RepositoryAbstraction", "MD.360pixels.RepositoryAbstraction\MD.360pixels.RepositoryAbstraction.csproj", "{2AF1E4F4-D098-42C6-8445-DB15B459C0C4}"
EndProject
Project("{FAE04EC0-301F-11D3-BF4B-00C04F79EFBC}") = "MD.360pixels.RepositoryFactory", "MD.360pixels.RepositoryFactory\MD.360pixels.RepositoryFactory.csproj", "{8A2AA423-56F1-4788-A600-D3DBB6DF84B1}"
EndProject
Project("{FAE04EC0-301F-11D3-BF4B-00C04F79EFBC}") = "MD.360pixels.UI", "MD.360pixels.UI\MD.360pixels.UI.csproj", "{3CB369EC-BB56-4F9B-B72B-C36CEAB12EA0}"
EndProject
Project("{FAE04EC0-301F-11D3-BF4B-00C04F79EFBC}") = "MD.360pixels.API", "MD.360pixels.API\MD.360pixels.API.csproj", "{4489EE8B-2273-422D-805E-6E594C2000E3}"
EndProject
Global
	GlobalSection(SolutionConfigurationPlatforms) = preSolution
		Debug|Any CPU = Debug|Any CPU
		Release|Any CPU = Release|Any CPU
	EndGlobalSection
	GlobalSection(ProjectConfigurationPlatforms) = postSolution
		{A5A9EAA0-BBBE-46B4-B8B9-75BC4F28E3E6}.Debug|Any CPU.ActiveCfg = Debug|Any CPU
		{A5A9EAA0-BBBE-46B4-B8B9-75BC4F28E3E6}.Debug|Any CPU.Build.0 = Debug|Any CPU
		{A5A9EAA0-BBBE-46B4-B8B9-75BC4F28E3E6}.Release|Any CPU.ActiveCfg = Release|Any CPU
		{A5A9EAA0-BBBE-46B4-B8B9-75BC4F28E3E6}.Release|Any CPU.Build.0 = Release|Any CPU
		{673D019F-095B-4762-8DDF-1A4D14B6D56F}.Debug|Any CPU.ActiveCfg = Debug|Any CPU
		{673D019F-095B-4762-8DDF-1A4D14B6D56F}.Debug|Any CPU.Build.0 = Debug|Any CPU
		{673D019F-095B-4762-8DDF-1A4D14B6D56F}.Release|Any CPU.ActiveCfg = Release|Any CPU
		{673D019F-095B-4762-8DDF-1A4D14B6D56F}.Release|Any CPU.Build.0 = Release|Any CPU
		{B7618268-DB1D-4164-91FF-6C0832DE18DA}.Debug|Any CPU.ActiveCfg = Debug|Any CPU
		{B7618268-DB1D-4164-91FF-6C0832DE18DA}.Debug|Any CPU.Build.0 = Debug|Any CPU
		{B7618268-DB1D-4164-91FF-6C0832DE18DA}.Release|Any CPU.ActiveCfg = Release|Any CPU
		{B7618268-DB1D-4164-91FF-6C0832DE18DA}.Release|Any CPU.Build.0 = Release|Any CPU
		{ACE857D9-202F-4B2D-9873-BCA90FC204BC}.Debug|Any CPU.ActiveCfg = Debug|Any CPU
		{ACE857D9-202F-4B2D-9873-BCA90FC204BC}.Debug|Any CPU.Build.0 = Debug|Any CPU
		{ACE857D9-202F-4B2D-9873-BCA90FC204BC}.Release|Any CPU.ActiveCfg = Release|Any CPU
		{ACE857D9-202F-4B2D-9873-BCA90FC204BC}.Release|Any CPU.Build.0 = Release|Any CPU
		{2AF1E4F4-D098-42C6-8445-DB15B459C0C4}.Debug|Any CPU.ActiveCfg = Debug|Any CPU
		{2AF1E4F4-D098-42C6-8445-DB15B459C0C4}.Debug|Any CPU.Build.0 = Debug|Any CPU
		{2AF1E4F4-D098-42C6-8445-DB15B459C0C4}.Release|Any CPU.ActiveCfg = Release|Any CPU
		{2AF1E4F4-D098-42C6-8445-DB15B459C0C4}.Release|Any CPU.Build.0 = Release|Any CPU
		{8A2AA423-56F1-4788-A600-D3DBB6DF84B1}.Debug|Any CPU.ActiveCfg = Debug|Any CPU
		{8A2AA423-56F1-4788-A600-D3DBB6DF84B1}.Debug|Any CPU.Build.0 = Debug|Any CPU
		{8A2AA423-56F1-4788-A600-D3DBB6DF84B1}.Release|Any CPU.ActiveCfg = Release|Any CPU
		{8A2AA423-56F1-4788-A600-D3DBB6DF84B1}.Release|Any CPU.Build.0 = Release|Any CPU
		{3CB369EC-BB56-4F9B-B72B-C36CEAB12EA0}.Debug|Any CPU.ActiveCfg = Debug|Any CPU
		{3CB369EC-BB56-4F9B-B72B-C36CEAB12EA0}.Debug|Any CPU.Build.0 = Debug|Any CPU
		{3CB369EC-BB56-4F9B-B72B-C36CEAB12EA0}.Release|Any CPU.ActiveCfg = Release|Any CPU
		{3CB369EC-BB56-4F9B-B72B-C36CEAB12EA0}.Release|Any CPU.Build.0 = Release|Any CPU
		{4489EE8B-2273-422D-805E-6E594C2000E3}.Debug|Any CPU.ActiveCfg = Debug|Any CPU
		{4489EE8B-2273-422D-805E-6E594C2000E3}.Debug|Any CPU.Build.0 = Debug|Any CPU
		{4489EE8B-2273-422D-805E-6E594C2000E3}.Release|Any CPU.ActiveCfg = Release|Any CPU
		{4489EE8B-2273-422D-805E-6E594C2000E3}.Release|Any CPU.Build.0 = Release|Any CPU
	EndGlobalSection
	GlobalSection(SolutionProperties) = preSolution
		HideSolutionNode = FALSE
	EndGlobalSection
	GlobalSection(ExtensibilityGlobals) = postSolution
		SolutionGuid = {246D8EB9-A207-4C94-A618-D068058E5501}
	EndGlobalSection
EndGlobal
